
Microsoft Visual Studio Solution File, Format Version 12.00
# Visual Studio Version 17
VisualStudioVersion = 17.9.34622.214
MinimumVisualStudioVersion = 10.0.40219.1
Project("{FAE04EC0-301F-11D3-BF4B-00C04F79EFBC}") = "Cwiczenie5", "Cwiczenie5\Cwiczenie5.csproj", "{E7C145CD-5F7E-42F7-AA7A-857F486C7116}"
EndProject
Global
	GlobalSection(SolutionConfigurationPlatforms) = preSolution
		Debug|Any CPU = Debug|Any CPU
		Release|Any CPU = Release|Any CPU
	EndGlobalSection
	GlobalSection(ProjectConfigurationPlatforms) = postSolution
		{E7C145CD-5F7E-42F7-AA7A-857F486C7116}.Debug|Any CPU.ActiveCfg = Debug|Any CPU
		{E7C145CD-5F7E-42F7-AA7A-857F486C7116}.Debug|Any CPU.Build.0 = Debug|Any CPU
		{E7C145CD-5F7E-42F7-AA7A-857F486C7116}.Release|Any CPU.ActiveCfg = Release|Any CPU
		{E7C145CD-5F7E-42F7-AA7A-857F486C7116}.Release|Any CPU.Build.0 = Release|Any CPU
	EndGlobalSection
	GlobalSection(SolutionProperties) = preSolution
		HideSolutionNode = FALSE
	EndGlobalSection
	GlobalSection(ExtensibilityGlobals) = postSolution
		SolutionGuid = {7022B9AF-6351-4414-B6E3-E6D7E2C510FF}
	EndGlobalSection
EndGlobal
